
Microsoft Visual Studio Solution File, Format Version 12.00
# Visual Studio Version 16
VisualStudioVersion = 16.0.31624.102
MinimumVisualStudioVersion = 10.0.40219.1
Project("{8BC9CEB8-8B4A-11D0-8D11-00A0C91BC942}") = "Recursion_1", "Recursion_1\Recursion_1.vcxproj", "{F8D2A447-A992-447B-930B-30363F36EFA3}"
EndProject
Global
	GlobalSection(SolutionConfigurationPlatforms) = preSolution
		Debug|x64 = Debug|x64
		Debug|x86 = Debug|x86
		Release|x64 = Release|x64
		Release|x86 = Release|x86
	EndGlobalSection
	GlobalSection(ProjectConfigurationPlatforms) = postSolution
		{F8D2A447-A992-447B-930B-30363F36EFA3}.Debug|x64.ActiveCfg = Debug|x64
		{F8D2A447-A992-447B-930B-30363F36EFA3}.Debug|x64.Build.0 = Debug|x64
		{F8D2A447-A992-447B-930B-30363F36EFA3}.Debug|x86.ActiveCfg = Debug|Win32
		{F8D2A447-A992-447B-930B-30363F36EFA3}.Debug|x86.Build.0 = Debug|Win32
		{F8D2A447-A992-447B-930B-30363F36EFA3}.Release|x64.ActiveCfg = Release|x64
		{F8D2A447-A992-447B-930B-30363F36EFA3}.Release|x64.Build.0 = Release|x64
		{F8D2A447-A992-447B-930B-30363F36EFA3}.Release|x86.ActiveCfg = Release|Win32
		{F8D2A447-A992-447B-930B-30363F36EFA3}.Release|x86.Build.0 = Release|Win32
	EndGlobalSection
	GlobalSection(SolutionProperties) = preSolution
		HideSolutionNode = FALSE
	EndGlobalSection
	GlobalSection(ExtensibilityGlobals) = postSolution
		SolutionGuid = {9F6EFDCB-8088-4CC0-A3BA-AE8CFE067BF9}
	EndGlobalSection
EndGlobal
